
Microsoft Visual Studio Solution File, Format Version 12.00
# Visual Studio 2013
VisualStudioVersion = 12.0.40629.0
MinimumVisualStudioVersion = 10.0.40219.1
Project("{FAE04EC0-301F-11D3-BF4B-00C04F79EFBC}") = "Final Project-Corey Benoit", "Final Project-Corey Benoit\Final Project-Corey Benoit.csproj", "{2EA166C4-7515-441F-8290-4A80B1039BC2}"
EndProject
Project("{FAE04EC0-301F-11D3-BF4B-00C04F79EFBC}") = "Celestial", "Celestial\Celestial.csproj", "{89784DCC-CFBC-4F5B-864D-12583C7CE3BC}"
EndProject
Project("{FAE04EC0-301F-11D3-BF4B-00C04F79EFBC}") = "CelestialBodyGraphics", "CelestialBodyGraphics\CelestialBodyGraphics.csproj", "{4AB1A1CA-2789-4A9D-AFB6-C9FC9FE29ECC}"
EndProject
Global
	GlobalSection(SolutionConfigurationPlatforms) = preSolution
		Debug|Any CPU = Debug|Any CPU
		Release|Any CPU = Release|Any CPU
	EndGlobalSection
	GlobalSection(ProjectConfigurationPlatforms) = postSolution
		{2EA166C4-7515-441F-8290-4A80B1039BC2}.Debug|Any CPU.ActiveCfg = Debug|Any CPU
		{2EA166C4-7515-441F-8290-4A80B1039BC2}.Debug|Any CPU.Build.0 = Debug|Any CPU
		{2EA166C4-7515-441F-8290-4A80B1039BC2}.Release|Any CPU.ActiveCfg = Release|Any CPU
		{2EA166C4-7515-441F-8290-4A80B1039BC2}.Release|Any CPU.Build.0 = Release|Any CPU
		{89784DCC-CFBC-4F5B-864D-12583C7CE3BC}.Debug|Any CPU.ActiveCfg = Debug|Any CPU
		{89784DCC-CFBC-4F5B-864D-12583C7CE3BC}.Debug|Any CPU.Build.0 = Debug|Any CPU
		{89784DCC-CFBC-4F5B-864D-12583C7CE3BC}.Release|Any CPU.ActiveCfg = Release|Any CPU
		{89784DCC-CFBC-4F5B-864D-12583C7CE3BC}.Release|Any CPU.Build.0 = Release|Any CPU
		{4AB1A1CA-2789-4A9D-AFB6-C9FC9FE29ECC}.Debug|Any CPU.ActiveCfg = Debug|Any CPU
		{4AB1A1CA-2789-4A9D-AFB6-C9FC9FE29ECC}.Debug|Any CPU.Build.0 = Debug|Any CPU
		{4AB1A1CA-2789-4A9D-AFB6-C9FC9FE29ECC}.Release|Any CPU.ActiveCfg = Release|Any CPU
		{4AB1A1CA-2789-4A9D-AFB6-C9FC9FE29ECC}.Release|Any CPU.Build.0 = Release|Any CPU
	EndGlobalSection
	GlobalSection(SolutionProperties) = preSolution
		HideSolutionNode = FALSE
	EndGlobalSection
EndGlobal
